<?xml version="1.0" encoding="UTF-8" standalone="yes" ?>
<CodeBlocks_project_file>
	<FileVersion major="1" minor="6" />
	<Project>
		<Option title="guacamole_rendering" />
		<Option pch_mode="2" />
		<Option compiler="gcc" />
		<Build>
			<Target title="Debug">
				<Option output="lib/libgua_rendering-d" prefix_auto="1" extension_auto="1" />
				<Option object_output="obj/Debug/" />
				<Option type="3" />
				<Option compiler="gcc" />
				<Compiler>
					<Add option="-Wall" />
					<Add option="-g" />
				</Compiler>
			</Target>
			<Target title="Release">
				<Option output="lib/libgua_rendering" prefix_auto="1" extension_auto="1" />
				<Option object_output="obj/Release/" />
				<Option type="3" />
				<Option compiler="gcc" />
				<Compiler>
					<Add option="-O2" />
				</Compiler>
				<Linker>
					<Add option="-s" />
				</Linker>
			</Target>
		</Build>
		<Compiler>
			<Add option="-std=c++0x" />
			<Add option="-fPIC" />
			<Add directory="include" />
			<Add directory="../../scm_cl_core/src" />
			<Add directory="../../scm_core/src" />
			<Add directory="../../scm_data/src" />
			<Add directory="../../scm_gl_core/src" />
			<Add directory="../../scm_gl_util/src" />
			<Add directory="../../scm_input/src" />
			<Add directory="/opt/boost/boost_1_48_0/include" />
		</Compiler>
		<Linker>
			<Add library="GL" />
			<Add library="GLEW" />
			<Add library="libscm_cl_core" />
			<Add library="libscm_core" />
			<Add library="libscm_gl_core" />
			<Add library="libscm_gl_util" />
			<Add library="libscm_input" />
			<Add library="assimp" />
			<Add directory="../../lib/linux_x86" />
			<Add directory="/opt/boost/boost_1_48_0/lib" />
		</Linker>
		<Unit filename="include/cores/CameraCore.hpp" />
		<Unit filename="include/cores/GeometryCore.hpp" />
		<Unit filename="include/cores/LightCore.hpp" />
		<Unit filename="include/cores/ScreenCore.hpp" />
		<Unit filename="include/guacamole.hpp" />
		<Unit filename="include/renderer/BufferDescriptions.hpp" />
		<Unit filename="include/renderer/DataBase.hpp" />
		<Unit filename="include/renderer/FrameBufferObject.hpp" />
		<Unit filename="include/renderer/FullscreenPass.hpp" />
		<Unit filename="include/renderer/GenericRenderPass.hpp" />
		<Unit filename="include/renderer/Geometry.hpp" />
		<Unit filename="include/renderer/GeometryBase.hpp" />
		<Unit filename="include/renderer/LightInformation.hpp" />
		<Unit filename="include/renderer/Material.hpp" />
		<Unit filename="include/renderer/MaterialBase.hpp" />
		<Unit filename="include/renderer/Mesh.hpp" />
		<Unit filename="include/renderer/RenderContext.hpp" />
		<Unit filename="include/renderer/RenderPass.hpp" />
		<Unit filename="include/renderer/RenderPipeline.hpp" />
		<Unit filename="include/renderer/RenderWindow.hpp" />
		<Unit filename="include/renderer/ShaderProgram.hpp" />
		<Unit filename="include/renderer/StereoShaders.hpp" />
		<Unit filename="include/renderer/TextRenderer.hpp" />
		<Unit filename="include/renderer/Texture.hpp" />
		<Unit filename="include/renderer/TextureBase.hpp" />
		<Unit filename="include/renderer/WarpMatrix.hpp" />
		<Unit filename="include/renderer/enums.hpp" />
		<Unit filename="include/traverser/CameraNode.hpp" />
		<Unit filename="include/traverser/GeometryNode.hpp" />
		<Unit filename="include/traverser/LightNode.hpp" />
		<Unit filename="include/traverser/OptimizedScene.hpp" />
		<Unit filename="include/traverser/Optimizer.hpp" />
		<Unit filename="include/traverser/RenderClient.hpp" />
		<Unit filename="include/traverser/RenderMask.hpp" />
		<Unit filename="include/traverser/RenderServer.hpp" />
		<Unit filename="include/traverser/ScreenNode.hpp" />
		<Unit filename="include/utils/Color3f.hpp" />
		<Unit filename="include/utils/Directory.hpp" />
		<Unit filename="include/utils/DotGenerator.hpp" />
		<Unit filename="include/utils/KnownObject.hpp" />
		<Unit filename="include/utils/PathParser.hpp" />
		<Unit filename="include/utils/Profiler.hpp" />
		<Unit filename="include/utils/Singleton.hpp" />
		<Unit filename="include/utils/TextFile.hpp" />
		<Unit filename="include/utils/Timer.hpp" />
		<Unit filename="include/utils/debug.hpp" />
		<Unit filename="include/utils/math.hpp" />
		<Unit filename="include/utils/randomizer.hpp" />
		<Unit filename="include/utils/string_utils.hpp" />
		<Unit filename="src/cores/CameraCore.cpp" />
		<Unit filename="src/cores/GeometryCore.cpp" />
		<Unit filename="src/cores/LightCore.cpp" />
		<Unit filename="src/cores/ScreenCore.cpp" />
		<Unit filename="src/guacamole.cpp" />
		<Unit filename="src/renderer/FrameBufferObject.cpp" />
		<Unit filename="src/renderer/FullscreenPass.cpp" />
		<Unit filename="src/renderer/GenericRenderPass.cpp" />
		<Unit filename="src/renderer/Geometry.cpp" />
		<Unit filename="src/renderer/GeometryBase.cpp" />
		<Unit filename="src/renderer/LightInformation.cpp" />
		<Unit filename="src/renderer/Material.cpp" />
		<Unit filename="src/renderer/MaterialBase.cpp" />
		<Unit filename="src/renderer/Mesh.cpp" />
		<Unit filename="src/renderer/RenderPass.cpp" />
		<Unit filename="src/renderer/RenderPipeline.cpp" />
		<Unit filename="src/renderer/RenderWindow.cpp" />
		<Unit filename="src/renderer/ShaderProgram.cpp" />
		<Unit filename="src/renderer/TextRenderer.cpp" />
		<Unit filename="src/renderer/Texture.cpp" />
		<Unit filename="src/renderer/TextureBase.cpp" />
		<Unit filename="src/renderer/WarpMatrix.cpp" />
		<Unit filename="src/traverser/Optimizer.cpp" />
		<Unit filename="src/traverser/RenderClient.cpp" />
		<Unit filename="src/traverser/RenderMask.cpp" />
		<Unit filename="src/traverser/RenderServer.cpp" />
		<Unit filename="src/utils/Color3f.cpp" />
		<Unit filename="src/utils/Directory.cpp" />
		<Unit filename="src/utils/DotGenerator.cpp" />
		<Unit filename="src/utils/PathParser.cpp" />
		<Unit filename="src/utils/Profiler.cpp" />
		<Unit filename="src/utils/TextFile.cpp" />
		<Unit filename="src/utils/Timer.cpp" />
		<Unit filename="src/utils/math.cpp" />
		<Unit filename="src/utils/randomizer.cpp" />
		<Extensions>
			<code_completion />
			<debugger />
			<envvars />
		</Extensions>
	</Project>
</CodeBlocks_project_file>
